
Microsoft Visual Studio Solution File, Format Version 12.00
# Visual Studio Version 16
VisualStudioVersion = 16.0.31702.278
MinimumVisualStudioVersion = 10.0.40219.1
Project("{FAE04EC0-301F-11D3-BF4B-00C04F79EFBC}") = "AdventOfCode2021-Day1.1", "AdventOfCode2021-Day1.1\AdventOfCode2021-Day1.1.csproj", "{6E9EDD31-5AE7-489E-B82A-2D67CFC936B9}"
EndProject
Global
	GlobalSection(SolutionConfigurationPlatforms) = preSolution
		Debug|Any CPU = Debug|Any CPU
		Release|Any CPU = Release|Any CPU
	EndGlobalSection
	GlobalSection(ProjectConfigurationPlatforms) = postSolution
		{6E9EDD31-5AE7-489E-B82A-2D67CFC936B9}.Debug|Any CPU.ActiveCfg = Debug|Any CPU
		{6E9EDD31-5AE7-489E-B82A-2D67CFC936B9}.Debug|Any CPU.Build.0 = Debug|Any CPU
		{6E9EDD31-5AE7-489E-B82A-2D67CFC936B9}.Release|Any CPU.ActiveCfg = Release|Any CPU
		{6E9EDD31-5AE7-489E-B82A-2D67CFC936B9}.Release|Any CPU.Build.0 = Release|Any CPU
	EndGlobalSection
	GlobalSection(SolutionProperties) = preSolution
		HideSolutionNode = FALSE
	EndGlobalSection
	GlobalSection(ExtensibilityGlobals) = postSolution
		SolutionGuid = {03BBF40E-2BAF-43BF-928E-A9585A0E138F}
	EndGlobalSection
EndGlobal
